<?xml version="1.0" encoding="utf-8"?>
<Project ToolsVersion="4.0" xmlns="http://schemas.microsoft.com/developer/msbuild/2003">
  <ItemGroup>
    <ClCompile Include="2DPhysicsGame.cpp" />
    <ClCompile Include="AIPlayer.cpp" />
    <ClCompile Include="Box.cpp" />
    <ClCompile Include="Entity.cpp" />
    <ClCompile Include="Ground.cpp" />
    <ClCompile Include="Player.cpp" />
    <ClCompile Include="Puck.cpp" />
    <ClCompile Include="Vector2d.cpp" />
    <ClCompile Include="SoundManager.cpp" />
  </ItemGroup>
  <ItemGroup>
    <ClInclude Include="AIPlayer.h" />
    <ClInclude Include="Box.h" />
    <ClInclude Include="Entity.h" />
    <ClInclude Include="Ground.h" />
    <ClInclude Include="Constants.h" />
    <ClInclude Include="Player.h" />
    <ClInclude Include="Puck.h" />
    <ClInclude Include="resource.h" />
    <ClInclude Include="resource1.h" />
    <ClInclude Include="Vector2d.h" />
    <ClInclude Include="SoundManager.h" />
  </ItemGroup>
  <ItemGroup>
    <ResourceCompile Include="2DPhysicsGame1.rc" />
  </ItemGroup>
  <ItemGroup>
    <Image Include="Assets\Texture\boxtexture2.bmp" />
    <Image Include="Assets\Texture\groundtexture.bmp" />
    <Image Include="Assets\Texture\groundtexture2.bmp" />
    <Image Include="Assets\Texture\Player.png" />
  </ItemGroup>
  <ItemGroup>
    <Text Include="ReadMe.txt" />
  </ItemGroup>
</Project>